// !$*UTF8*$!
{
	archiveVersion = 1;
	classes = {
	};
	objectVersion = 46;
	objects = {

/* Begin PBXBuildFile section */
		1E10ED05853940C8BFDAEFC8 /* libPods-JGRModel.a in Frameworks */ = {isa = PBXBuildFile; fileRef = 451EFE241FA34375AA8B7BA9 /* libPods-JGRModel.a */; };
		D5556408A8944A09986F8E35 /* libPods-JGRModelTests.a in Frameworks */ = {isa = PBXBuildFile; fileRef = C84E42631F9F4694A6AF8244 /* libPods-JGRModelTests.a */; };
		F910F7A918CD55D500089567 /* JGRDatabaseController.m in Sources */ = {isa = PBXBuildFile; fileRef = F910F7A118CD55D500089567 /* JGRDatabaseController.m */; };
		F910F7AB18CD55D500089567 /* JGRDocumentPath.m in Sources */ = {isa = PBXBuildFile; fileRef = F910F7A618CD55D500089567 /* JGRDocumentPath.m */; };
		F910F7AF18CD55F500089567 /* FMResultSet+JGRModel.m in Sources */ = {isa = PBXBuildFile; fileRef = F910F7AE18CD55F500089567 /* FMResultSet+JGRModel.m */; };
		F910F7B118CD5AAD00089567 /* DbResultSetBuilderSpec.m in Sources */ = {isa = PBXBuildFile; fileRef = F910F7B018CD5AAD00089567 /* DbResultSetBuilderSpec.m */; };
		F910F7B318CD5AC000089567 /* DbRowBuilderSpec.m in Sources */ = {isa = PBXBuildFile; fileRef = F910F7B218CD5AC000089567 /* DbRowBuilderSpec.m */; };
		F910F7B818CD5B4100089567 /* JGRUser.m in Sources */ = {isa = PBXBuildFile; fileRef = F910F7B718CD5B4100089567 /* JGRUser.m */; };
		F910F7BC18CD63B800089567 /* JGRDbMapping.m in Sources */ = {isa = PBXBuildFile; fileRef = F910F7BB18CD63B800089567 /* JGRDbMapping.m */; };
		F910F7BF18CD63C800089567 /* JGRDbMappingLoader.m in Sources */ = {isa = PBXBuildFile; fileRef = F910F7BE18CD63C800089567 /* JGRDbMappingLoader.m */; };
		F9364DAB18CC2FC8002F0768 /* Foundation.framework in Frameworks */ = {isa = PBXBuildFile; fileRef = F9364DAA18CC2FC8002F0768 /* Foundation.framework */; };
		F9364DAD18CC2FC8002F0768 /* CoreGraphics.framework in Frameworks */ = {isa = PBXBuildFile; fileRef = F9364DAC18CC2FC8002F0768 /* CoreGraphics.framework */; };
		F9364DAF18CC2FC8002F0768 /* UIKit.framework in Frameworks */ = {isa = PBXBuildFile; fileRef = F9364DAE18CC2FC8002F0768 /* UIKit.framework */; };
		F9364DB518CC2FC8002F0768 /* InfoPlist.strings in Resources */ = {isa = PBXBuildFile; fileRef = F9364DB318CC2FC8002F0768 /* InfoPlist.strings */; };
		F9364DB718CC2FC8002F0768 /* main.m in Sources */ = {isa = PBXBuildFile; fileRef = F9364DB618CC2FC8002F0768 /* main.m */; };
		F9364DBB18CC2FC8002F0768 /* JGRAppDelegate.m in Sources */ = {isa = PBXBuildFile; fileRef = F9364DBA18CC2FC8002F0768 /* JGRAppDelegate.m */; };
		F9364DBD18CC2FC8002F0768 /* Images.xcassets in Resources */ = {isa = PBXBuildFile; fileRef = F9364DBC18CC2FC8002F0768 /* Images.xcassets */; };
		F9364DC418CC2FC9002F0768 /* XCTest.framework in Frameworks */ = {isa = PBXBuildFile; fileRef = F9364DC318CC2FC9002F0768 /* XCTest.framework */; };
		F9364DC518CC2FC9002F0768 /* Foundation.framework in Frameworks */ = {isa = PBXBuildFile; fileRef = F9364DAA18CC2FC8002F0768 /* Foundation.framework */; };
		F9364DC618CC2FC9002F0768 /* UIKit.framework in Frameworks */ = {isa = PBXBuildFile; fileRef = F9364DAE18CC2FC8002F0768 /* UIKit.framework */; };
		F9364DCE18CC2FC9002F0768 /* InfoPlist.strings in Resources */ = {isa = PBXBuildFile; fileRef = F9364DCC18CC2FC9002F0768 /* InfoPlist.strings */; };
		F9364DE018CC3FA5002F0768 /* DbControllerUpdateSpec.m in Sources */ = {isa = PBXBuildFile; fileRef = F9364DDF18CC3FA5002F0768 /* DbControllerUpdateSpec.m */; };
		F956D60718CD672400011444 /* DbMappingSpec.m in Sources */ = {isa = PBXBuildFile; fileRef = F956D60618CD672400011444 /* DbMappingSpec.m */; };
		F956D60B18CD721100011444 /* DbMappingLoaderSpec.m in Sources */ = {isa = PBXBuildFile; fileRef = F956D60A18CD721100011444 /* DbMappingLoaderSpec.m */; };
		F956D60D18CD733D00011444 /* TestMapping.plist in Resources */ = {isa = PBXBuildFile; fileRef = F956D60C18CD733D00011444 /* TestMapping.plist */; };
		F956D60F18CD774B00011444 /* DbPropertySpec.m in Sources */ = {isa = PBXBuildFile; fileRef = F956D60E18CD774B00011444 /* DbPropertySpec.m */; };
		F956D61518CD777900011444 /* JGRDbPropertyType.m in Sources */ = {isa = PBXBuildFile; fileRef = F956D61418CD777900011444 /* JGRDbPropertyType.m */; };
		F956D63218CDBBE300011444 /* MockResultSet.m in Sources */ = {isa = PBXBuildFile; fileRef = F956D63118CDBBE300011444 /* MockResultSet.m */; };
		F956D63418CEA29500011444 /* FetchIntegrationTestSpec.m in Sources */ = {isa = PBXBuildFile; fileRef = F956D63318CEA29500011444 /* FetchIntegrationTestSpec.m */; };
		F956D63718CEA4C600011444 /* Integration.m in Sources */ = {isa = PBXBuildFile; fileRef = F956D63618CEA4C600011444 /* Integration.m */; };
		F956D63C18CEB2EB00011444 /* DbControllerFetchSpec.m in Sources */ = {isa = PBXBuildFile; fileRef = F956D63B18CEB2EB00011444 /* DbControllerFetchSpec.m */; };
		F9B784B018CF23F500D33735 /* JGRResultSetBuilder.m in Sources */ = {isa = PBXBuildFile; fileRef = F9B784AB18CF23F500D33735 /* JGRResultSetBuilder.m */; };
		F9B784B618CF24A300D33735 /* JGRRowFetchBuilder.m in Sources */ = {isa = PBXBuildFile; fileRef = F9B784B518CF24A300D33735 /* JGRRowFetchBuilder.m */; };
		F9DBA2B018D1924A00E9CB90 /* NSArray+JGR.m in Sources */ = {isa = PBXBuildFile; fileRef = F9DBA2AF18D1924A00E9CB90 /* NSArray+JGR.m */; };
		F9FC3C0118CC406200F6CA88 /* DatabaseIntegrationSpec.m in Sources */ = {isa = PBXBuildFile; fileRef = F9FC3C0018CC406200F6CA88 /* DatabaseIntegrationSpec.m */; };
/* End PBXBuildFile section */

/* Begin PBXContainerItemProxy section */
		F9364DC718CC2FC9002F0768 /* PBXContainerItemProxy */ = {
			isa = PBXContainerItemProxy;
			containerPortal = F9364D9F18CC2FC8002F0768 /* Project object */;
			proxyType = 1;
			remoteGlobalIDString = F9364DA618CC2FC8002F0768;
			remoteInfo = JGRModel;
		};
/* End PBXContainerItemProxy section */

/* Begin PBXFileReference section */
		451EFE241FA34375AA8B7BA9 /* libPods-JGRModel.a */ = {isa = PBXFileReference; explicitFileType = archive.ar; includeInIndex = 0; path = "libPods-JGRModel.a"; sourceTree = BUILT_PRODUCTS_DIR; };
		629F76BFB4F84EA3B67503C1 /* Pods-JGRModelTests.xcconfig */ = {isa = PBXFileReference; includeInIndex = 1; lastKnownFileType = text.xcconfig; name = "Pods-JGRModelTests.xcconfig"; path = "Pods/Pods-JGRModelTests.xcconfig"; sourceTree = "<group>"; };
		C84E42631F9F4694A6AF8244 /* libPods-JGRModelTests.a */ = {isa = PBXFileReference; explicitFileType = archive.ar; includeInIndex = 0; path = "libPods-JGRModelTests.a"; sourceTree = BUILT_PRODUCTS_DIR; };
		F119CB8E7A94409D9D819707 /* Pods-JGRModel.xcconfig */ = {isa = PBXFileReference; includeInIndex = 1; lastKnownFileType = text.xcconfig; name = "Pods-JGRModel.xcconfig"; path = "Pods/Pods-JGRModel.xcconfig"; sourceTree = "<group>"; };
		F910F7A018CD55D500089567 /* JGRDatabaseController.h */ = {isa = PBXFileReference; fileEncoding = 4; lastKnownFileType = sourcecode.c.h; path = JGRDatabaseController.h; sourceTree = "<group>"; };
		F910F7A118CD55D500089567 /* JGRDatabaseController.m */ = {isa = PBXFileReference; fileEncoding = 4; lastKnownFileType = sourcecode.c.objc; path = JGRDatabaseController.m; sourceTree = "<group>"; };
		F910F7A518CD55D500089567 /* JGRDocumentPath.h */ = {isa = PBXFileReference; fileEncoding = 4; lastKnownFileType = sourcecode.c.h; path = JGRDocumentPath.h; sourceTree = "<group>"; };
		F910F7A618CD55D500089567 /* JGRDocumentPath.m */ = {isa = PBXFileReference; fileEncoding = 4; lastKnownFileType = sourcecode.c.objc; path = JGRDocumentPath.m; sourceTree = "<group>"; };
		F910F7AD18CD55F500089567 /* FMResultSet+JGRModel.h */ = {isa = PBXFileReference; fileEncoding = 4; lastKnownFileType = sourcecode.c.h; path = "FMResultSet+JGRModel.h"; sourceTree = "<group>"; };
		F910F7AE18CD55F500089567 /* FMResultSet+JGRModel.m */ = {isa = PBXFileReference; fileEncoding = 4; lastKnownFileType = sourcecode.c.objc; path = "FMResultSet+JGRModel.m"; sourceTree = "<group>"; };
		F910F7B018CD5AAD00089567 /* DbResultSetBuilderSpec.m */ = {isa = PBXFileReference; fileEncoding = 4; lastKnownFileType = sourcecode.c.objc; path = DbResultSetBuilderSpec.m; sourceTree = "<group>"; };
		F910F7B218CD5AC000089567 /* DbRowBuilderSpec.m */ = {isa = PBXFileReference; fileEncoding = 4; lastKnownFileType = sourcecode.c.objc; path = DbRowBuilderSpec.m; sourceTree = "<group>"; };
		F910F7B518CD5B3100089567 /* JGRDatabaseController_Private.h */ = {isa = PBXFileReference; fileEncoding = 4; lastKnownFileType = sourcecode.c.h; path = JGRDatabaseController_Private.h; sourceTree = "<group>"; };
		F910F7B618CD5B4100089567 /* JGRUser.h */ = {isa = PBXFileReference; fileEncoding = 4; lastKnownFileType = sourcecode.c.h; path = JGRUser.h; sourceTree = "<group>"; };
		F910F7B718CD5B4100089567 /* JGRUser.m */ = {isa = PBXFileReference; fileEncoding = 4; lastKnownFileType = sourcecode.c.objc; path = JGRUser.m; sourceTree = "<group>"; };
		F910F7BA18CD63B800089567 /* JGRDbMapping.h */ = {isa = PBXFileReference; fileEncoding = 4; lastKnownFileType = sourcecode.c.h; path = JGRDbMapping.h; sourceTree = "<group>"; };
		F910F7BB18CD63B800089567 /* JGRDbMapping.m */ = {isa = PBXFileReference; fileEncoding = 4; lastKnownFileType = sourcecode.c.objc; path = JGRDbMapping.m; sourceTree = "<group>"; };
		F910F7BD18CD63C800089567 /* JGRDbMappingLoader.h */ = {isa = PBXFileReference; fileEncoding = 4; lastKnownFileType = sourcecode.c.h; path = JGRDbMappingLoader.h; sourceTree = "<group>"; };
		F910F7BE18CD63C800089567 /* JGRDbMappingLoader.m */ = {isa = PBXFileReference; fileEncoding = 4; lastKnownFileType = sourcecode.c.objc; path = JGRDbMappingLoader.m; sourceTree = "<group>"; };
		F9364DA718CC2FC8002F0768 /* JGRModel.app */ = {isa = PBXFileReference; explicitFileType = wrapper.application; includeInIndex = 0; path = JGRModel.app; sourceTree = BUILT_PRODUCTS_DIR; };
		F9364DAA18CC2FC8002F0768 /* Foundation.framework */ = {isa = PBXFileReference; lastKnownFileType = wrapper.framework; name = Foundation.framework; path = System/Library/Frameworks/Foundation.framework; sourceTree = SDKROOT; };
		F9364DAC18CC2FC8002F0768 /* CoreGraphics.framework */ = {isa = PBXFileReference; lastKnownFileType = wrapper.framework; name = CoreGraphics.framework; path = System/Library/Frameworks/CoreGraphics.framework; sourceTree = SDKROOT; };
		F9364DAE18CC2FC8002F0768 /* UIKit.framework */ = {isa = PBXFileReference; lastKnownFileType = wrapper.framework; name = UIKit.framework; path = System/Library/Frameworks/UIKit.framework; sourceTree = SDKROOT; };
		F9364DB218CC2FC8002F0768 /* JGRModel-Info.plist */ = {isa = PBXFileReference; lastKnownFileType = text.plist.xml; path = "JGRModel-Info.plist"; sourceTree = "<group>"; };
		F9364DB418CC2FC8002F0768 /* en */ = {isa = PBXFileReference; lastKnownFileType = text.plist.strings; name = en; path = en.lproj/InfoPlist.strings; sourceTree = "<group>"; };
		F9364DB618CC2FC8002F0768 /* main.m */ = {isa = PBXFileReference; lastKnownFileType = sourcecode.c.objc; path = main.m; sourceTree = "<group>"; };
		F9364DB818CC2FC8002F0768 /* JGRModel-Prefix.pch */ = {isa = PBXFileReference; lastKnownFileType = sourcecode.c.h; path = "JGRModel-Prefix.pch"; sourceTree = "<group>"; };
		F9364DB918CC2FC8002F0768 /* JGRAppDelegate.h */ = {isa = PBXFileReference; lastKnownFileType = sourcecode.c.h; path = JGRAppDelegate.h; sourceTree = "<group>"; };
		F9364DBA18CC2FC8002F0768 /* JGRAppDelegate.m */ = {isa = PBXFileReference; lastKnownFileType = sourcecode.c.objc; path = JGRAppDelegate.m; sourceTree = "<group>"; };
		F9364DBC18CC2FC8002F0768 /* Images.xcassets */ = {isa = PBXFileReference; lastKnownFileType = folder.assetcatalog; path = Images.xcassets; sourceTree = "<group>"; };
		F9364DC218CC2FC9002F0768 /* JGRModelTests.xctest */ = {isa = PBXFileReference; explicitFileType = wrapper.cfbundle; includeInIndex = 0; path = JGRModelTests.xctest; sourceTree = BUILT_PRODUCTS_DIR; };
		F9364DC318CC2FC9002F0768 /* XCTest.framework */ = {isa = PBXFileReference; lastKnownFileType = wrapper.framework; name = XCTest.framework; path = Library/Frameworks/XCTest.framework; sourceTree = DEVELOPER_DIR; };
		F9364DCB18CC2FC9002F0768 /* JGRModelTests-Info.plist */ = {isa = PBXFileReference; lastKnownFileType = text.plist.xml; path = "JGRModelTests-Info.plist"; sourceTree = "<group>"; };
		F9364DCD18CC2FC9002F0768 /* en */ = {isa = PBXFileReference; lastKnownFileType = text.plist.strings; name = en; path = en.lproj/InfoPlist.strings; sourceTree = "<group>"; };
		F9364DDF18CC3FA5002F0768 /* DbControllerUpdateSpec.m */ = {isa = PBXFileReference; fileEncoding = 4; lastKnownFileType = sourcecode.c.objc; path = DbControllerUpdateSpec.m; sourceTree = "<group>"; };
		F956D60618CD672400011444 /* DbMappingSpec.m */ = {isa = PBXFileReference; fileEncoding = 4; lastKnownFileType = sourcecode.c.objc; path = DbMappingSpec.m; sourceTree = "<group>"; };
		F956D60A18CD721100011444 /* DbMappingLoaderSpec.m */ = {isa = PBXFileReference; fileEncoding = 4; lastKnownFileType = sourcecode.c.objc; path = DbMappingLoaderSpec.m; sourceTree = "<group>"; };
		F956D60C18CD733D00011444 /* TestMapping.plist */ = {isa = PBXFileReference; fileEncoding = 4; lastKnownFileType = text.plist.xml; path = TestMapping.plist; sourceTree = "<group>"; };
		F956D60E18CD774B00011444 /* DbPropertySpec.m */ = {isa = PBXFileReference; fileEncoding = 4; lastKnownFileType = sourcecode.c.objc; path = DbPropertySpec.m; sourceTree = "<group>"; };
		F956D61318CD777900011444 /* JGRDbPropertyType.h */ = {isa = PBXFileReference; fileEncoding = 4; lastKnownFileType = sourcecode.c.h; path = JGRDbPropertyType.h; sourceTree = "<group>"; };
		F956D61418CD777900011444 /* JGRDbPropertyType.m */ = {isa = PBXFileReference; fileEncoding = 4; lastKnownFileType = sourcecode.c.objc; path = JGRDbPropertyType.m; sourceTree = "<group>"; };
		F956D63018CDBBE300011444 /* MockResultSet.h */ = {isa = PBXFileReference; fileEncoding = 4; lastKnownFileType = sourcecode.c.h; path = MockResultSet.h; sourceTree = "<group>"; };
		F956D63118CDBBE300011444 /* MockResultSet.m */ = {isa = PBXFileReference; fileEncoding = 4; lastKnownFileType = sourcecode.c.objc; path = MockResultSet.m; sourceTree = "<group>"; };
		F956D63318CEA29500011444 /* FetchIntegrationTestSpec.m */ = {isa = PBXFileReference; fileEncoding = 4; lastKnownFileType = sourcecode.c.objc; path = FetchIntegrationTestSpec.m; sourceTree = "<group>"; };
		F956D63518CEA4C600011444 /* Integration.h */ = {isa = PBXFileReference; fileEncoding = 4; lastKnownFileType = sourcecode.c.h; path = Integration.h; sourceTree = "<group>"; };
		F956D63618CEA4C600011444 /* Integration.m */ = {isa = PBXFileReference; fileEncoding = 4; lastKnownFileType = sourcecode.c.objc; path = Integration.m; sourceTree = "<group>"; };
		F956D63B18CEB2EB00011444 /* DbControllerFetchSpec.m */ = {isa = PBXFileReference; fileEncoding = 4; lastKnownFileType = sourcecode.c.objc; path = DbControllerFetchSpec.m; sourceTree = "<group>"; };
		F9B784AA18CF23F500D33735 /* JGRResultSetBuilder.h */ = {isa = PBXFileReference; fileEncoding = 4; lastKnownFileType = sourcecode.c.h; path = JGRResultSetBuilder.h; sourceTree = "<group>"; };
		F9B784AB18CF23F500D33735 /* JGRResultSetBuilder.m */ = {isa = PBXFileReference; fileEncoding = 4; lastKnownFileType = sourcecode.c.objc; path = JGRResultSetBuilder.m; sourceTree = "<group>"; };
		F9B784B318CF240000D33735 /* JGRDbObject.h */ = {isa = PBXFileReference; lastKnownFileType = sourcecode.c.h; path = JGRDbObject.h; sourceTree = "<group>"; };
		F9B784B418CF24A300D33735 /* JGRRowFetchBuilder.h */ = {isa = PBXFileReference; fileEncoding = 4; lastKnownFileType = sourcecode.c.h; path = JGRRowFetchBuilder.h; sourceTree = "<group>"; };
		F9B784B518CF24A300D33735 /* JGRRowFetchBuilder.m */ = {isa = PBXFileReference; fileEncoding = 4; lastKnownFileType = sourcecode.c.objc; path = JGRRowFetchBuilder.m; sourceTree = "<group>"; };
		F9DBA2AE18D1924A00E9CB90 /* NSArray+JGR.h */ = {isa = PBXFileReference; fileEncoding = 4; lastKnownFileType = sourcecode.c.h; path = "NSArray+JGR.h"; sourceTree = "<group>"; };
		F9DBA2AF18D1924A00E9CB90 /* NSArray+JGR.m */ = {isa = PBXFileReference; fileEncoding = 4; lastKnownFileType = sourcecode.c.objc; path = "NSArray+JGR.m"; sourceTree = "<group>"; };
		F9FC3C0018CC406200F6CA88 /* DatabaseIntegrationSpec.m */ = {isa = PBXFileReference; fileEncoding = 4; lastKnownFileType = sourcecode.c.objc; path = DatabaseIntegrationSpec.m; sourceTree = "<group>"; };
/* End PBXFileReference section */

/* Begin PBXFrameworksBuildPhase section */
		F9364DA418CC2FC8002F0768 /* Frameworks */ = {
			isa = PBXFrameworksBuildPhase;
			buildActionMask = 2147483647;
			files = (
				F9364DAD18CC2FC8002F0768 /* CoreGraphics.framework in Frameworks */,
				F9364DAF18CC2FC8002F0768 /* UIKit.framework in Frameworks */,
				F9364DAB18CC2FC8002F0768 /* Foundation.framework in Frameworks */,
				1E10ED05853940C8BFDAEFC8 /* libPods-JGRModel.a in Frameworks */,
			);
			runOnlyForDeploymentPostprocessing = 0;
		};
		F9364DBF18CC2FC9002F0768 /* Frameworks */ = {
			isa = PBXFrameworksBuildPhase;
			buildActionMask = 2147483647;
			files = (
				F9364DC418CC2FC9002F0768 /* XCTest.framework in Frameworks */,
				F9364DC618CC2FC9002F0768 /* UIKit.framework in Frameworks */,
				F9364DC518CC2FC9002F0768 /* Foundation.framework in Frameworks */,
				D5556408A8944A09986F8E35 /* libPods-JGRModelTests.a in Frameworks */,
			);
			runOnlyForDeploymentPostprocessing = 0;
		};
/* End PBXFrameworksBuildPhase section */

/* Begin PBXGroup section */
		F910F79A18CD55D500089567 /* JGRModel */ = {
			isa = PBXGroup;
			children = (
				F9B784A918CF23F500D33735 /* CRUD */,
				F910F7B918CD63B800089567 /* Mapping */,
				F910F7AC18CD55F500089567 /* Categories */,
				F910F7A018CD55D500089567 /* JGRDatabaseController.h */,
				F910F7A118CD55D500089567 /* JGRDatabaseController.m */,
				F9B784B318CF240000D33735 /* JGRDbObject.h */,
				F910F7A518CD55D500089567 /* JGRDocumentPath.h */,
				F910F7A618CD55D500089567 /* JGRDocumentPath.m */,
			);
			path = JGRModel;
			sourceTree = "<group>";
		};
		F910F7AC18CD55F500089567 /* Categories */ = {
			isa = PBXGroup;
			children = (
				F910F7AD18CD55F500089567 /* FMResultSet+JGRModel.h */,
				F910F7AE18CD55F500089567 /* FMResultSet+JGRModel.m */,
				F9DBA2AE18D1924A00E9CB90 /* NSArray+JGR.h */,
				F9DBA2AF18D1924A00E9CB90 /* NSArray+JGR.m */,
			);
			path = Categories;
			sourceTree = "<group>";
		};
		F910F7B418CD5B3100089567 /* Helpers */ = {
			isa = PBXGroup;
			children = (
				F910F7B518CD5B3100089567 /* JGRDatabaseController_Private.h */,
				F910F7B618CD5B4100089567 /* JGRUser.h */,
				F910F7B718CD5B4100089567 /* JGRUser.m */,
				F956D63018CDBBE300011444 /* MockResultSet.h */,
				F956D63118CDBBE300011444 /* MockResultSet.m */,
				F956D63518CEA4C600011444 /* Integration.h */,
				F956D63618CEA4C600011444 /* Integration.m */,
			);
			path = Helpers;
			sourceTree = "<group>";
		};
		F910F7B918CD63B800089567 /* Mapping */ = {
			isa = PBXGroup;
			children = (
				F910F7BA18CD63B800089567 /* JGRDbMapping.h */,
				F910F7BB18CD63B800089567 /* JGRDbMapping.m */,
				F910F7BD18CD63C800089567 /* JGRDbMappingLoader.h */,
				F910F7BE18CD63C800089567 /* JGRDbMappingLoader.m */,
				F956D61318CD777900011444 /* JGRDbPropertyType.h */,
				F956D61418CD777900011444 /* JGRDbPropertyType.m */,
			);
			path = Mapping;
			sourceTree = "<group>";
		};
		F9364D9E18CC2FC8002F0768 = {
			isa = PBXGroup;
			children = (
				F9364DB018CC2FC8002F0768 /* JGRModel */,
				F9364DC918CC2FC9002F0768 /* JGRModelTests */,
				F9364DA918CC2FC8002F0768 /* Frameworks */,
				F9364DA818CC2FC8002F0768 /* Products */,
				F119CB8E7A94409D9D819707 /* Pods-JGRModel.xcconfig */,
				629F76BFB4F84EA3B67503C1 /* Pods-JGRModelTests.xcconfig */,
			);
			indentWidth = 4;
			sourceTree = "<group>";
			tabWidth = 4;
			usesTabs = 0;
		};
		F9364DA818CC2FC8002F0768 /* Products */ = {
			isa = PBXGroup;
			children = (
				F9364DA718CC2FC8002F0768 /* JGRModel.app */,
				F9364DC218CC2FC9002F0768 /* JGRModelTests.xctest */,
			);
			name = Products;
			sourceTree = "<group>";
		};
		F9364DA918CC2FC8002F0768 /* Frameworks */ = {
			isa = PBXGroup;
			children = (
				F9364DAA18CC2FC8002F0768 /* Foundation.framework */,
				F9364DAC18CC2FC8002F0768 /* CoreGraphics.framework */,
				F9364DAE18CC2FC8002F0768 /* UIKit.framework */,
				F9364DC318CC2FC9002F0768 /* XCTest.framework */,
				451EFE241FA34375AA8B7BA9 /* libPods-JGRModel.a */,
				C84E42631F9F4694A6AF8244 /* libPods-JGRModelTests.a */,
			);
			name = Frameworks;
			sourceTree = "<group>";
		};
		F9364DB018CC2FC8002F0768 /* JGRModel */ = {
			isa = PBXGroup;
			children = (
				F910F79A18CD55D500089567 /* JGRModel */,
				F9364DB918CC2FC8002F0768 /* JGRAppDelegate.h */,
				F9364DBA18CC2FC8002F0768 /* JGRAppDelegate.m */,
				F9364DBC18CC2FC8002F0768 /* Images.xcassets */,
				F9364DB118CC2FC8002F0768 /* Supporting Files */,
			);
			path = JGRModel;
			sourceTree = "<group>";
		};
		F9364DB118CC2FC8002F0768 /* Supporting Files */ = {
			isa = PBXGroup;
			children = (
				F9364DB218CC2FC8002F0768 /* JGRModel-Info.plist */,
				F9364DB318CC2FC8002F0768 /* InfoPlist.strings */,
				F9364DB618CC2FC8002F0768 /* main.m */,
				F9364DB818CC2FC8002F0768 /* JGRModel-Prefix.pch */,
			);
			name = "Supporting Files";
			sourceTree = "<group>";
		};
		F9364DC918CC2FC9002F0768 /* JGRModelTests */ = {
			isa = PBXGroup;
			children = (
				F910F7B418CD5B3100089567 /* Helpers */,
				F9364DE118CC3FAF002F0768 /* Integration */,
				F9364DDE18CC3FA5002F0768 /* Spec */,
				F9364DCA18CC2FC9002F0768 /* Supporting Files */,
				F956D60C18CD733D00011444 /* TestMapping.plist */,
			);
			path = JGRModelTests;
			sourceTree = "<group>";
		};
		F9364DCA18CC2FC9002F0768 /* Supporting Files */ = {
			isa = PBXGroup;
			children = (
				F9364DCB18CC2FC9002F0768 /* JGRModelTests-Info.plist */,
				F9364DCC18CC2FC9002F0768 /* InfoPlist.strings */,
			);
			name = "Supporting Files";
			sourceTree = "<group>";
		};
		F9364DDE18CC3FA5002F0768 /* Spec */ = {
			isa = PBXGroup;
			children = (
				F956D63B18CEB2EB00011444 /* DbControllerFetchSpec.m */,
				F9364DDF18CC3FA5002F0768 /* DbControllerUpdateSpec.m */,
				F910F7B018CD5AAD00089567 /* DbResultSetBuilderSpec.m */,
				F910F7B218CD5AC000089567 /* DbRowBuilderSpec.m */,
				F956D60618CD672400011444 /* DbMappingSpec.m */,
				F956D60E18CD774B00011444 /* DbPropertySpec.m */,
			);
			path = Spec;
			sourceTree = "<group>";
		};
		F9364DE118CC3FAF002F0768 /* Integration */ = {
			isa = PBXGroup;
			children = (
				F956D60A18CD721100011444 /* DbMappingLoaderSpec.m */,
				F9FC3C0018CC406200F6CA88 /* DatabaseIntegrationSpec.m */,
				F956D63318CEA29500011444 /* FetchIntegrationTestSpec.m */,
			);
			path = Integration;
			sourceTree = "<group>";
		};
		F9B784A918CF23F500D33735 /* CRUD */ = {
			isa = PBXGroup;
			children = (
				F9B784AA18CF23F500D33735 /* JGRResultSetBuilder.h */,
				F9B784AB18CF23F500D33735 /* JGRResultSetBuilder.m */,
				F9B784B418CF24A300D33735 /* JGRRowFetchBuilder.h */,
				F9B784B518CF24A300D33735 /* JGRRowFetchBuilder.m */,
			);
			path = CRUD;
			sourceTree = "<group>";
		};
/* End PBXGroup section */

/* Begin PBXNativeTarget section */
		F9364DA618CC2FC8002F0768 /* JGRModel */ = {
			isa = PBXNativeTarget;
			buildConfigurationList = F9364DD318CC2FC9002F0768 /* Build configuration list for PBXNativeTarget "JGRModel" */;
			buildPhases = (
				6F65916A689741B19B6EDD62 /* Check Pods Manifest.lock */,
				F9364DA318CC2FC8002F0768 /* Sources */,
				F9364DA418CC2FC8002F0768 /* Frameworks */,
				F9364DA518CC2FC8002F0768 /* Resources */,
				387683FD17D640A1B5A4B94C /* Warn for TODO and FIXME comments */,
				7721365AB01C48508C2F4DB4 /* Copy Pods Resources */,
			);
			buildRules = (
			);
			dependencies = (
			);
			name = JGRModel;
			productName = JGRModel;
			productReference = F9364DA718CC2FC8002F0768 /* JGRModel.app */;
			productType = "com.apple.product-type.application";
		};
		F9364DC118CC2FC9002F0768 /* JGRModelTests */ = {
			isa = PBXNativeTarget;
			buildConfigurationList = F9364DD618CC2FC9002F0768 /* Build configuration list for PBXNativeTarget "JGRModelTests" */;
			buildPhases = (
				22E1C4C67A7A425F9D067D3D /* Check Pods Manifest.lock */,
				F9364DBE18CC2FC9002F0768 /* Sources */,
				F9364DBF18CC2FC9002F0768 /* Frameworks */,
				F9364DC018CC2FC9002F0768 /* Resources */,
				B901CE5DA9FF4B1C9841B873 /* Copy Pods Resources */,
			);
			buildRules = (
			);
			dependencies = (
				F9364DC818CC2FC9002F0768 /* PBXTargetDependency */,
			);
			name = JGRModelTests;
			productName = JGRModelTests;
			productReference = F9364DC218CC2FC9002F0768 /* JGRModelTests.xctest */;
			productType = "com.apple.product-type.bundle.unit-test";
		};
/* End PBXNativeTarget section */

/* Begin PBXProject section */
		F9364D9F18CC2FC8002F0768 /* Project object */ = {
			isa = PBXProject;
			attributes = {
				CLASSPREFIX = JGR;
				LastUpgradeCheck = 0510;
				ORGANIZATIONNAME = juliengrimault;
				TargetAttributes = {
					F9364DC118CC2FC9002F0768 = {
						TestTargetID = F9364DA618CC2FC8002F0768;
					};
				};
			};
			buildConfigurationList = F9364DA218CC2FC8002F0768 /* Build configuration list for PBXProject "JGRModel" */;
			compatibilityVersion = "Xcode 3.2";
			developmentRegion = English;
			hasScannedForEncodings = 0;
			knownRegions = (
				en,
			);
			mainGroup = F9364D9E18CC2FC8002F0768;
			productRefGroup = F9364DA818CC2FC8002F0768 /* Products */;
			projectDirPath = "";
			projectRoot = "";
			targets = (
				F9364DA618CC2FC8002F0768 /* JGRModel */,
				F9364DC118CC2FC9002F0768 /* JGRModelTests */,
			);
		};
/* End PBXProject section */

/* Begin PBXResourcesBuildPhase section */
		F9364DA518CC2FC8002F0768 /* Resources */ = {
			isa = PBXResourcesBuildPhase;
			buildActionMask = 2147483647;
			files = (
				F9364DB518CC2FC8002F0768 /* InfoPlist.strings in Resources */,
				F9364DBD18CC2FC8002F0768 /* Images.xcassets in Resources */,
			);
			runOnlyForDeploymentPostprocessing = 0;
		};
		F9364DC018CC2FC9002F0768 /* Resources */ = {
			isa = PBXResourcesBuildPhase;
			buildActionMask = 2147483647;
			files = (
				F9364DCE18CC2FC9002F0768 /* InfoPlist.strings in Resources */,
				F956D60D18CD733D00011444 /* TestMapping.plist in Resources */,
			);
			runOnlyForDeploymentPostprocessing = 0;
		};
/* End PBXResourcesBuildPhase section */

/* Begin PBXShellScriptBuildPhase section */
		22E1C4C67A7A425F9D067D3D /* Check Pods Manifest.lock */ = {
			isa = PBXShellScriptBuildPhase;
			buildActionMask = 2147483647;
			files = (
			);
			inputPaths = (
			);
			name = "Check Pods Manifest.lock";
			outputPaths = (
			);
			runOnlyForDeploymentPostprocessing = 0;
			shellPath = /bin/sh;
			shellScript = "diff \"${PODS_ROOT}/../Podfile.lock\" \"${PODS_ROOT}/Manifest.lock\" > /dev/null\nif [[ $? != 0 ]] ; then\n    cat << EOM\nerror: The sandbox is not in sync with the Podfile.lock. Run 'pod install' or update your CocoaPods installation.\nEOM\n    exit 1\nfi\n";
			showEnvVarsInLog = 0;
		};
		387683FD17D640A1B5A4B94C /* Warn for TODO and FIXME comments */ = {
			isa = PBXShellScriptBuildPhase;
			buildActionMask = 2147483647;
			files = (
			);
			inputPaths = (
			);
			name = "Warn for TODO and FIXME comments";
			outputPaths = (
			);
			runOnlyForDeploymentPostprocessing = 0;
			shellPath = /bin/sh;
			shellScript = "KEYWORDS=\"TODO:|FIXME:|\\?\\?\\?:|\\!\\!\\!:\"\nFILE_EXTENSIONS=\"h|m|mm|c|cpp\"\nfind -E \"${SRCROOT}\" -ipath \"${SRCROOT}/pods\" -prune -o \\( -regex \".*\\.($FILE_EXTENSIONS)$\" \\) -print0 | xargs -0 egrep --with-filename --line-number --only-matching \"($KEYWORDS).*\\$\" | perl -p -e \"s/($KEYWORDS)/ warning: \\$1/\"\n";
		};
		6F65916A689741B19B6EDD62 /* Check Pods Manifest.lock */ = {
			isa = PBXShellScriptBuildPhase;
			buildActionMask = 2147483647;
			files = (
			);
			inputPaths = (
			);
			name = "Check Pods Manifest.lock";
			outputPaths = (
			);
			runOnlyForDeploymentPostprocessing = 0;
			shellPath = /bin/sh;
			shellScript = "diff \"${PODS_ROOT}/../Podfile.lock\" \"${PODS_ROOT}/Manifest.lock\" > /dev/null\nif [[ $? != 0 ]] ; then\n    cat << EOM\nerror: The sandbox is not in sync with the Podfile.lock. Run 'pod install' or update your CocoaPods installation.\nEOM\n    exit 1\nfi\n";
			showEnvVarsInLog = 0;
		};
		7721365AB01C48508C2F4DB4 /* Copy Pods Resources */ = {
			isa = PBXShellScriptBuildPhase;
			buildActionMask = 2147483647;
			files = (
			);
			inputPaths = (
			);
			name = "Copy Pods Resources";
			outputPaths = (
			);
			runOnlyForDeploymentPostprocessing = 0;
			shellPath = /bin/sh;
			shellScript = "\"${SRCROOT}/Pods/Pods-JGRModel-resources.sh\"\n";
			showEnvVarsInLog = 0;
		};
		B901CE5DA9FF4B1C9841B873 /* Copy Pods Resources */ = {
			isa = PBXShellScriptBuildPhase;
			buildActionMask = 2147483647;
			files = (
			);
			inputPaths = (
			);
			name = "Copy Pods Resources";
			outputPaths = (
			);
			runOnlyForDeploymentPostprocessing = 0;
			shellPath = /bin/sh;
			shellScript = "\"${SRCROOT}/Pods/Pods-JGRModelTests-resources.sh\"\n";
			showEnvVarsInLog = 0;
		};
/* End PBXShellScriptBuildPhase section */

/* Begin PBXSourcesBuildPhase section */
		F9364DA318CC2FC8002F0768 /* Sources */ = {
			isa = PBXSourcesBuildPhase;
			buildActionMask = 2147483647;
			files = (
				F910F7A918CD55D500089567 /* JGRDatabaseController.m in Sources */,
				F910F7AB18CD55D500089567 /* JGRDocumentPath.m in Sources */,
				F9364DBB18CC2FC8002F0768 /* JGRAppDelegate.m in Sources */,
				F9B784B018CF23F500D33735 /* JGRResultSetBuilder.m in Sources */,
				F956D61518CD777900011444 /* JGRDbPropertyType.m in Sources */,
				F9DBA2B018D1924A00E9CB90 /* NSArray+JGR.m in Sources */,
				F910F7AF18CD55F500089567 /* FMResultSet+JGRModel.m in Sources */,
				F910F7BF18CD63C800089567 /* JGRDbMappingLoader.m in Sources */,
				F9B784B618CF24A300D33735 /* JGRRowFetchBuilder.m in Sources */,
				F910F7BC18CD63B800089567 /* JGRDbMapping.m in Sources */,
				F9364DB718CC2FC8002F0768 /* main.m in Sources */,
			);
			runOnlyForDeploymentPostprocessing = 0;
		};
		F9364DBE18CC2FC9002F0768 /* Sources */ = {
			isa = PBXSourcesBuildPhase;
			buildActionMask = 2147483647;
			files = (
				F956D63218CDBBE300011444 /* MockResultSet.m in Sources */,
				F910F7B118CD5AAD00089567 /* DbResultSetBuilderSpec.m in Sources */,
				F956D63418CEA29500011444 /* FetchIntegrationTestSpec.m in Sources */,
				F956D60F18CD774B00011444 /* DbPropertySpec.m in Sources */,
				F956D63718CEA4C600011444 /* Integration.m in Sources */,
				F9FC3C0118CC406200F6CA88 /* DatabaseIntegrationSpec.m in Sources */,
				F9364DE018CC3FA5002F0768 /* DbControllerUpdateSpec.m in Sources */,
				F910F7B318CD5AC000089567 /* DbRowBuilderSpec.m in Sources */,
				F956D60B18CD721100011444 /* DbMappingLoaderSpec.m in Sources */,
				F910F7B818CD5B4100089567 /* JGRUser.m in Sources */,
				F956D63C18CEB2EB00011444 /* DbControllerFetchSpec.m in Sources */,
				F956D60718CD672400011444 /* DbMappingSpec.m in Sources */,
			);
			runOnlyForDeploymentPostprocessing = 0;
		};
/* End PBXSourcesBuildPhase section */

/* Begin PBXTargetDependency section */
		F9364DC818CC2FC9002F0768 /* PBXTargetDependency */ = {
			isa = PBXTargetDependency;
			target = F9364DA618CC2FC8002F0768 /* JGRModel */;
			targetProxy = F9364DC718CC2FC9002F0768 /* PBXContainerItemProxy */;
		};
/* End PBXTargetDependency section */

/* Begin PBXVariantGroup section */
		F9364DB318CC2FC8002F0768 /* InfoPlist.strings */ = {
			isa = PBXVariantGroup;
			children = (
				F9364DB418CC2FC8002F0768 /* en */,
			);
			name = InfoPlist.strings;
			sourceTree = "<group>";
		};
		F9364DCC18CC2FC9002F0768 /* InfoPlist.strings */ = {
			isa = PBXVariantGroup;
			children = (
				F9364DCD18CC2FC9002F0768 /* en */,
			);
			name = InfoPlist.strings;
			sourceTree = "<group>";
		};
/* End PBXVariantGroup section */

/* Begin XCBuildConfiguration section */
		F9364DD118CC2FC9002F0768 /* Debug */ = {
			isa = XCBuildConfiguration;
			buildSettings = {
				ALWAYS_SEARCH_USER_PATHS = NO;
				CLANG_CXX_LANGUAGE_STANDARD = "gnu++0x";
				CLANG_CXX_LIBRARY = "libc++";
				CLANG_ENABLE_MODULES = YES;
				CLANG_ENABLE_OBJC_ARC = YES;
				CLANG_WARN_BOOL_CONVERSION = YES;
				CLANG_WARN_CONSTANT_CONVERSION = YES;
				CLANG_WARN_DEPRECATED_OBJC_IMPLEMENTATIONS = YES;
				CLANG_WARN_DIRECT_OBJC_ISA_USAGE = YES_ERROR;
				CLANG_WARN_EMPTY_BODY = YES;
				CLANG_WARN_ENUM_CONVERSION = YES;
				CLANG_WARN_INT_CONVERSION = YES;
				CLANG_WARN_OBJC_IMPLICIT_RETAIN_SELF = YES;
				CLANG_WARN_OBJC_ROOT_CLASS = YES_ERROR;
				CLANG_WARN__DUPLICATE_METHOD_MATCH = YES;
				"CODE_SIGN_IDENTITY[sdk=iphoneos*]" = "iPhone Developer";
				COPY_PHASE_STRIP = NO;
				GCC_C_LANGUAGE_STANDARD = gnu99;
				GCC_DYNAMIC_NO_PIC = NO;
				GCC_OPTIMIZATION_LEVEL = 0;
				GCC_PREPROCESSOR_DEFINITIONS = (
					"DEBUG=1",
					"$(inherited)",
				);
				GCC_SYMBOLS_PRIVATE_EXTERN = NO;
				GCC_WARN_64_TO_32_BIT_CONVERSION = YES;
				GCC_WARN_ABOUT_MISSING_FIELD_INITIALIZERS = YES;
				GCC_WARN_ABOUT_MISSING_NEWLINE = YES;
				GCC_WARN_ABOUT_RETURN_TYPE = YES;
				GCC_WARN_CHECK_SWITCH_STATEMENTS = YES;
				GCC_WARN_INITIALIZER_NOT_FULLY_BRACKETED = YES;
				GCC_WARN_MISSING_PARENTHESES = YES;
				GCC_WARN_SHADOW = YES;
				GCC_WARN_SIGN_COMPARE = YES;
				GCC_WARN_TYPECHECK_CALLS_TO_PRINTF = YES;
				GCC_WARN_UNDECLARED_SELECTOR = YES;
				GCC_WARN_UNINITIALIZED_AUTOS = YES_AGGRESSIVE;
				GCC_WARN_UNUSED_FUNCTION = YES;
				GCC_WARN_UNUSED_LABEL = YES;
				GCC_WARN_UNUSED_VALUE = YES;
				GCC_WARN_UNUSED_VARIABLE = YES;
				IPHONEOS_DEPLOYMENT_TARGET = 7.1;
				ONLY_ACTIVE_ARCH = YES;
				RUN_CLANG_STATIC_ANALYZER = YES;
				SDKROOT = iphoneos;
			};
			name = Debug;
		};
		F9364DD218CC2FC9002F0768 /* Release */ = {
			isa = XCBuildConfiguration;
			buildSettings = {
				ALWAYS_SEARCH_USER_PATHS = NO;
				CLANG_CXX_LANGUAGE_STANDARD = "gnu++0x";
				CLANG_CXX_LIBRARY = "libc++";
				CLANG_ENABLE_MODULES = YES;
				CLANG_ENABLE_OBJC_ARC = YES;
				CLANG_WARN_BOOL_CONVERSION = YES;
				CLANG_WARN_CONSTANT_CONVERSION = YES;
				CLANG_WARN_DEPRECATED_OBJC_IMPLEMENTATIONS = YES;
				CLANG_WARN_DIRECT_OBJC_ISA_USAGE = YES_ERROR;
				CLANG_WARN_EMPTY_BODY = YES;
				CLANG_WARN_ENUM_CONVERSION = YES;
				CLANG_WARN_INT_CONVERSION = YES;
				CLANG_WARN_OBJC_IMPLICIT_RETAIN_SELF = YES;
				CLANG_WARN_OBJC_ROOT_CLASS = YES_ERROR;
				CLANG_WARN__DUPLICATE_METHOD_MATCH = YES;
				"CODE_SIGN_IDENTITY[sdk=iphoneos*]" = "iPhone Developer";
				COPY_PHASE_STRIP = YES;
				ENABLE_NS_ASSERTIONS = NO;
				GCC_C_LANGUAGE_STANDARD = gnu99;
				GCC_WARN_64_TO_32_BIT_CONVERSION = YES;
				GCC_WARN_ABOUT_MISSING_FIELD_INITIALIZERS = YES;
				GCC_WARN_ABOUT_MISSING_NEWLINE = YES;
				GCC_WARN_ABOUT_RETURN_TYPE = YES;
				GCC_WARN_CHECK_SWITCH_STATEMENTS = YES;
				GCC_WARN_INITIALIZER_NOT_FULLY_BRACKETED = YES;
				GCC_WARN_MISSING_PARENTHESES = YES;
				GCC_WARN_SHADOW = YES;
				GCC_WARN_SIGN_COMPARE = YES;
				GCC_WARN_TYPECHECK_CALLS_TO_PRINTF = YES;
				GCC_WARN_UNDECLARED_SELECTOR = YES;
				GCC_WARN_UNINITIALIZED_AUTOS = YES_AGGRESSIVE;
				GCC_WARN_UNUSED_FUNCTION = YES;
				GCC_WARN_UNUSED_LABEL = YES;
				GCC_WARN_UNUSED_VALUE = YES;
				GCC_WARN_UNUSED_VARIABLE = YES;
				IPHONEOS_DEPLOYMENT_TARGET = 7.1;
				RUN_CLANG_STATIC_ANALYZER = YES;
				SDKROOT = iphoneos;
				VALIDATE_PRODUCT = YES;
			};
			name = Release;
		};
		F9364DD418CC2FC9002F0768 /* Debug */ = {
			isa = XCBuildConfiguration;
			baseConfigurationReference = F119CB8E7A94409D9D819707 /* Pods-JGRModel.xcconfig */;
			buildSettings = {
				ASSETCATALOG_COMPILER_APPICON_NAME = AppIcon;
				ASSETCATALOG_COMPILER_LAUNCHIMAGE_NAME = LaunchImage;
				GCC_PRECOMPILE_PREFIX_HEADER = YES;
				GCC_PREFIX_HEADER = "JGRModel/JGRModel-Prefix.pch";
				INFOPLIST_FILE = "JGRModel/JGRModel-Info.plist";
				PRODUCT_NAME = "$(TARGET_NAME)";
				WRAPPER_EXTENSION = app;
			};
			name = Debug;
		};
		F9364DD518CC2FC9002F0768 /* Release */ = {
			isa = XCBuildConfiguration;
			baseConfigurationReference = F119CB8E7A94409D9D819707 /* Pods-JGRModel.xcconfig */;
			buildSettings = {
				ASSETCATALOG_COMPILER_APPICON_NAME = AppIcon;
				ASSETCATALOG_COMPILER_LAUNCHIMAGE_NAME = LaunchImage;
				GCC_PRECOMPILE_PREFIX_HEADER = YES;
				GCC_PREFIX_HEADER = "JGRModel/JGRModel-Prefix.pch";
				INFOPLIST_FILE = "JGRModel/JGRModel-Info.plist";
				PRODUCT_NAME = "$(TARGET_NAME)";
				WRAPPER_EXTENSION = app;
			};
			name = Release;
		};
		F9364DD718CC2FC9002F0768 /* Debug */ = {
			isa = XCBuildConfiguration;
			baseConfigurationReference = 629F76BFB4F84EA3B67503C1 /* Pods-JGRModelTests.xcconfig */;
			buildSettings = {
				BUNDLE_LOADER = "$(BUILT_PRODUCTS_DIR)/JGRModel.app/JGRModel";
				FRAMEWORK_SEARCH_PATHS = (
					"$(SDKROOT)/Developer/Library/Frameworks",
					"$(inherited)",
					"$(DEVELOPER_FRAMEWORKS_DIR)",
				);
				GCC_PRECOMPILE_PREFIX_HEADER = YES;
				GCC_PREFIX_HEADER = "JGRModel/JGRModel-Prefix.pch";
				GCC_PREPROCESSOR_DEFINITIONS = (
					"DEBUG=1",
					"$(inherited)",
				);
				INFOPLIST_FILE = "JGRModelTests/JGRModelTests-Info.plist";
				PRODUCT_NAME = "$(TARGET_NAME)";
				TEST_HOST = "$(BUNDLE_LOADER)";
				WRAPPER_EXTENSION = xctest;
			};
			name = Debug;
		};
		F9364DD818CC2FC9002F0768 /* Release */ = {
			isa = XCBuildConfiguration;
			baseConfigurationReference = 629F76BFB4F84EA3B67503C1 /* Pods-JGRModelTests.xcconfig */;
			buildSettings = {
				BUNDLE_LOADER = "$(BUILT_PRODUCTS_DIR)/JGRModel.app/JGRModel";
				FRAMEWORK_SEARCH_PATHS = (
					"$(SDKROOT)/Developer/Library/Frameworks",
					"$(inherited)",
					"$(DEVELOPER_FRAMEWORKS_DIR)",
				);
				GCC_PRECOMPILE_PREFIX_HEADER = YES;
				GCC_PREFIX_HEADER = "JGRModel/JGRModel-Prefix.pch";
				INFOPLIST_FILE = "JGRModelTests/JGRModelTests-Info.plist";
				PRODUCT_NAME = "$(TARGET_NAME)";
				TEST_HOST = "$(BUNDLE_LOADER)";
				WRAPPER_EXTENSION = xctest;
			};
			name = Release;
		};
/* End XCBuildConfiguration section */

/* Begin XCConfigurationList section */
		F9364DA218CC2FC8002F0768 /* Build configuration list for PBXProject "JGRModel" */ = {
			isa = XCConfigurationList;
			buildConfigurations = (
				F9364DD118CC2FC9002F0768 /* Debug */,
				F9364DD218CC2FC9002F0768 /* Release */,
			);
			defaultConfigurationIsVisible = 0;
			defaultConfigurationName = Release;
		};
		F9364DD318CC2FC9002F0768 /* Build configuration list for PBXNativeTarget "JGRModel" */ = {
			isa = XCConfigurationList;
			buildConfigurations = (
				F9364DD418CC2FC9002F0768 /* Debug */,
				F9364DD518CC2FC9002F0768 /* Release */,
			);
			defaultConfigurationIsVisible = 0;
			defaultConfigurationName = Release;
		};
		F9364DD618CC2FC9002F0768 /* Build configuration list for PBXNativeTarget "JGRModelTests" */ = {
			isa = XCConfigurationList;
			buildConfigurations = (
				F9364DD718CC2FC9002F0768 /* Debug */,
				F9364DD818CC2FC9002F0768 /* Release */,
			);
			defaultConfigurationIsVisible = 0;
			defaultConfigurationName = Release;
		};
/* End XCConfigurationList section */
	};
	rootObject = F9364D9F18CC2FC8002F0768 /* Project object */;
}
